
Microsoft Visual Studio Solution File, Format Version 12.00
# Visual Studio Version 17
VisualStudioVersion = 17.2.32630.192
MinimumVisualStudioVersion = 10.0.40219.1
Project("{9A19103F-16F7-4668-BE54-9A1E7A4F7556}") = "RabbitMqProductAPI", "RabbitMqProductAPI\RabbitMqProductAPI.csproj", "{8976B5B4-525B-434C-809C-6FBDA35E3563}"
EndProject
Project("{FAE04EC0-301F-11D3-BF4B-00C04F79EFBC}") = "RabbitMQProduct.ConsoleApplication", "RabbitMQProduct.ConsoleApplication\RabbitMQProduct.ConsoleApplication.csproj", "{C1B75253-8A85-4E91-A7B1-9CDC8B26624E}"
EndProject
Global
	GlobalSection(SolutionConfigurationPlatforms) = preSolution
		Debug|Any CPU = Debug|Any CPU
		Release|Any CPU = Release|Any CPU
	EndGlobalSection
	GlobalSection(ProjectConfigurationPlatforms) = postSolution
		{8976B5B4-525B-434C-809C-6FBDA35E3563}.Debug|Any CPU.ActiveCfg = Debug|Any CPU
		{8976B5B4-525B-434C-809C-6FBDA35E3563}.Debug|Any CPU.Build.0 = Debug|Any CPU
		{8976B5B4-525B-434C-809C-6FBDA35E3563}.Release|Any CPU.ActiveCfg = Release|Any CPU
		{8976B5B4-525B-434C-809C-6FBDA35E3563}.Release|Any CPU.Build.0 = Release|Any CPU
		{C1B75253-8A85-4E91-A7B1-9CDC8B26624E}.Debug|Any CPU.ActiveCfg = Debug|Any CPU
		{C1B75253-8A85-4E91-A7B1-9CDC8B26624E}.Debug|Any CPU.Build.0 = Debug|Any CPU
		{C1B75253-8A85-4E91-A7B1-9CDC8B26624E}.Release|Any CPU.ActiveCfg = Release|Any CPU
		{C1B75253-8A85-4E91-A7B1-9CDC8B26624E}.Release|Any CPU.Build.0 = Release|Any CPU
	EndGlobalSection
	GlobalSection(SolutionProperties) = preSolution
		HideSolutionNode = FALSE
	EndGlobalSection
	GlobalSection(ExtensibilityGlobals) = postSolution
		SolutionGuid = {E41D640A-20E5-4F3E-9504-FBC53712C7E7}
	EndGlobalSection
EndGlobal
